
Microsoft Visual Studio Solution File, Format Version 12.00
# Visual Studio Version 16
VisualStudioVersion = 16.0.30615.102
MinimumVisualStudioVersion = 10.0.40219.1
Project("{9A19103F-16F7-4668-BE54-9A1E7A4F7556}") = "MathStructs", "src\MathStructs.csproj", "{551FB85C-90C0-4DDD-86E0-B7F1D4F2070C}"
EndProject
Project("{2150E333-8FDC-42A3-9474-1A3956D46DE8}") = "Solution Items", "Solution Items", "{4CAC1023-2F3C-43F4-8040-3846651E1D07}"
	ProjectSection(SolutionItems) = preProject
		.editorconfig = .editorconfig
	EndProjectSection
EndProject
Project("{9A19103F-16F7-4668-BE54-9A1E7A4F7556}") = "FixedPoint", "FixedPoint\FixedPoint.csproj", "{4E4A5B59-C39A-4E25-A9D0-FB6F2342062F}"
EndProject
Project("{9A19103F-16F7-4668-BE54-9A1E7A4F7556}") = "MathStructs.FixedPoint", "MathStructs.FixedPoint\MathStructs.FixedPoint.csproj", "{1389221B-32FF-490E-9E9D-CB36A0DDF241}"
EndProject
Project("{9A19103F-16F7-4668-BE54-9A1E7A4F7556}") = "Tests", "Tests\Tests.csproj", "{781CEB71-60EF-41EA-B03A-626BC2B2E358}"
EndProject
Global
	GlobalSection(SolutionConfigurationPlatforms) = preSolution
		Debug|Any CPU = Debug|Any CPU
		Release|Any CPU = Release|Any CPU
		Test|Any CPU = Test|Any CPU
	EndGlobalSection
	GlobalSection(ProjectConfigurationPlatforms) = postSolution
		{551FB85C-90C0-4DDD-86E0-B7F1D4F2070C}.Debug|Any CPU.ActiveCfg = Debug|Any CPU
		{551FB85C-90C0-4DDD-86E0-B7F1D4F2070C}.Debug|Any CPU.Build.0 = Debug|Any CPU
		{551FB85C-90C0-4DDD-86E0-B7F1D4F2070C}.Release|Any CPU.ActiveCfg = Release|Any CPU
		{551FB85C-90C0-4DDD-86E0-B7F1D4F2070C}.Release|Any CPU.Build.0 = Release|Any CPU
		{551FB85C-90C0-4DDD-86E0-B7F1D4F2070C}.Test|Any CPU.ActiveCfg = Test|Any CPU
		{551FB85C-90C0-4DDD-86E0-B7F1D4F2070C}.Test|Any CPU.Build.0 = Test|Any CPU
		{4E4A5B59-C39A-4E25-A9D0-FB6F2342062F}.Debug|Any CPU.ActiveCfg = Debug|Any CPU
		{4E4A5B59-C39A-4E25-A9D0-FB6F2342062F}.Debug|Any CPU.Build.0 = Debug|Any CPU
		{4E4A5B59-C39A-4E25-A9D0-FB6F2342062F}.Release|Any CPU.ActiveCfg = Release|Any CPU
		{4E4A5B59-C39A-4E25-A9D0-FB6F2342062F}.Release|Any CPU.Build.0 = Release|Any CPU
		{4E4A5B59-C39A-4E25-A9D0-FB6F2342062F}.Test|Any CPU.ActiveCfg = Release|Any CPU
		{4E4A5B59-C39A-4E25-A9D0-FB6F2342062F}.Test|Any CPU.Build.0 = Release|Any CPU
		{1389221B-32FF-490E-9E9D-CB36A0DDF241}.Debug|Any CPU.ActiveCfg = Debug|Any CPU
		{1389221B-32FF-490E-9E9D-CB36A0DDF241}.Debug|Any CPU.Build.0 = Debug|Any CPU
		{1389221B-32FF-490E-9E9D-CB36A0DDF241}.Release|Any CPU.ActiveCfg = Release|Any CPU
		{1389221B-32FF-490E-9E9D-CB36A0DDF241}.Release|Any CPU.Build.0 = Release|Any CPU
		{1389221B-32FF-490E-9E9D-CB36A0DDF241}.Test|Any CPU.ActiveCfg = Release|Any CPU
		{1389221B-32FF-490E-9E9D-CB36A0DDF241}.Test|Any CPU.Build.0 = Release|Any CPU
		{781CEB71-60EF-41EA-B03A-626BC2B2E358}.Debug|Any CPU.ActiveCfg = Debug|Any CPU
		{781CEB71-60EF-41EA-B03A-626BC2B2E358}.Debug|Any CPU.Build.0 = Debug|Any CPU
		{781CEB71-60EF-41EA-B03A-626BC2B2E358}.Release|Any CPU.ActiveCfg = Release|Any CPU
		{781CEB71-60EF-41EA-B03A-626BC2B2E358}.Release|Any CPU.Build.0 = Release|Any CPU
		{781CEB71-60EF-41EA-B03A-626BC2B2E358}.Test|Any CPU.ActiveCfg = Test|Any CPU
		{781CEB71-60EF-41EA-B03A-626BC2B2E358}.Test|Any CPU.Build.0 = Test|Any CPU
	EndGlobalSection
	GlobalSection(SolutionProperties) = preSolution
		HideSolutionNode = FALSE
	EndGlobalSection
	GlobalSection(ExtensibilityGlobals) = postSolution
		SolutionGuid = {193DB34F-9E9E-41A9-9168-B1954E476A99}
	EndGlobalSection
EndGlobal
