
Microsoft Visual Studio Solution File, Format Version 12.00
# Visual Studio Version 16
VisualStudioVersion = 16.0.30615.102
MinimumVisualStudioVersion = 10.0.40219.1
Project("{9A19103F-16F7-4668-BE54-9A1E7A4F7556}") = "MathStructs", "MathStructs\MathStructs.csproj", "{928D61AE-2C70-48BF-93C3-647D5FB105D2}"
EndProject
Project("{FAE04EC0-301F-11D3-BF4B-00C04F79EFBC}") = "Benchmarking", "Benchmarking\Benchmarking.csproj", "{7804214E-E5D6-41E3-B170-F7C8F44FEE89}"
EndProject
Project("{FAE04EC0-301F-11D3-BF4B-00C04F79EFBC}") = "Tests", "Tests\Tests.csproj", "{C39B8563-A350-4F8A-B694-42FE7E9985EE}"
EndProject
Global
	GlobalSection(SolutionConfigurationPlatforms) = preSolution
		Debug|Any CPU = Debug|Any CPU
		Release|Any CPU = Release|Any CPU
	EndGlobalSection
	GlobalSection(ProjectConfigurationPlatforms) = postSolution
		{928D61AE-2C70-48BF-93C3-647D5FB105D2}.Debug|Any CPU.ActiveCfg = Debug|Any CPU
		{928D61AE-2C70-48BF-93C3-647D5FB105D2}.Debug|Any CPU.Build.0 = Debug|Any CPU
		{928D61AE-2C70-48BF-93C3-647D5FB105D2}.Release|Any CPU.ActiveCfg = Release|Any CPU
		{928D61AE-2C70-48BF-93C3-647D5FB105D2}.Release|Any CPU.Build.0 = Release|Any CPU
		{7804214E-E5D6-41E3-B170-F7C8F44FEE89}.Debug|Any CPU.ActiveCfg = Debug|Any CPU
		{7804214E-E5D6-41E3-B170-F7C8F44FEE89}.Debug|Any CPU.Build.0 = Debug|Any CPU
		{7804214E-E5D6-41E3-B170-F7C8F44FEE89}.Release|Any CPU.ActiveCfg = Release|Any CPU
		{7804214E-E5D6-41E3-B170-F7C8F44FEE89}.Release|Any CPU.Build.0 = Release|Any CPU
		{C39B8563-A350-4F8A-B694-42FE7E9985EE}.Debug|Any CPU.ActiveCfg = Debug|Any CPU
		{C39B8563-A350-4F8A-B694-42FE7E9985EE}.Debug|Any CPU.Build.0 = Debug|Any CPU
		{C39B8563-A350-4F8A-B694-42FE7E9985EE}.Release|Any CPU.ActiveCfg = Release|Any CPU
		{C39B8563-A350-4F8A-B694-42FE7E9985EE}.Release|Any CPU.Build.0 = Release|Any CPU
	EndGlobalSection
	GlobalSection(SolutionProperties) = preSolution
		HideSolutionNode = FALSE
	EndGlobalSection
	GlobalSection(ExtensibilityGlobals) = postSolution
		SolutionGuid = {193DB34F-9E9E-41A9-9168-B1954E476A99}
	EndGlobalSection
EndGlobal
