
Microsoft Visual Studio Solution File, Format Version 12.00
# Visual Studio Version 16
VisualStudioVersion = 16.0.30615.102
MinimumVisualStudioVersion = 10.0.40219.1
Project("{9A19103F-16F7-4668-BE54-9A1E7A4F7556}") = "Simd", "Simd\Simd.csproj", "{18A2FEB3-3963-444B-A71F-99FDBBB2D887}"
EndProject
Project("{9A19103F-16F7-4668-BE54-9A1E7A4F7556}") = "Tests and Benchmarking", "Tests and Benchmarking\Tests and Benchmarking.csproj", "{A86BA814-58E5-4948-9EB9-FADEA504BD9C}"
EndProject
Project("{9A19103F-16F7-4668-BE54-9A1E7A4F7556}") = "MathStructs", "src\MathStructs.csproj", "{551FB85C-90C0-4DDD-86E0-B7F1D4F2070C}"
EndProject
Global
	GlobalSection(SolutionConfigurationPlatforms) = preSolution
		Debug|Any CPU = Debug|Any CPU
		Release|Any CPU = Release|Any CPU
	EndGlobalSection
	GlobalSection(ProjectConfigurationPlatforms) = postSolution
		{18A2FEB3-3963-444B-A71F-99FDBBB2D887}.Debug|Any CPU.ActiveCfg = Debug|Any CPU
		{18A2FEB3-3963-444B-A71F-99FDBBB2D887}.Debug|Any CPU.Build.0 = Debug|Any CPU
		{18A2FEB3-3963-444B-A71F-99FDBBB2D887}.Release|Any CPU.ActiveCfg = Release|Any CPU
		{18A2FEB3-3963-444B-A71F-99FDBBB2D887}.Release|Any CPU.Build.0 = Release|Any CPU
		{A86BA814-58E5-4948-9EB9-FADEA504BD9C}.Debug|Any CPU.ActiveCfg = Debug|Any CPU
		{A86BA814-58E5-4948-9EB9-FADEA504BD9C}.Debug|Any CPU.Build.0 = Debug|Any CPU
		{A86BA814-58E5-4948-9EB9-FADEA504BD9C}.Release|Any CPU.ActiveCfg = Release|Any CPU
		{A86BA814-58E5-4948-9EB9-FADEA504BD9C}.Release|Any CPU.Build.0 = Release|Any CPU
		{551FB85C-90C0-4DDD-86E0-B7F1D4F2070C}.Debug|Any CPU.ActiveCfg = Debug|Any CPU
		{551FB85C-90C0-4DDD-86E0-B7F1D4F2070C}.Debug|Any CPU.Build.0 = Debug|Any CPU
		{551FB85C-90C0-4DDD-86E0-B7F1D4F2070C}.Release|Any CPU.ActiveCfg = Release|Any CPU
		{551FB85C-90C0-4DDD-86E0-B7F1D4F2070C}.Release|Any CPU.Build.0 = Release|Any CPU
	EndGlobalSection
	GlobalSection(SolutionProperties) = preSolution
		HideSolutionNode = FALSE
	EndGlobalSection
	GlobalSection(ExtensibilityGlobals) = postSolution
		SolutionGuid = {193DB34F-9E9E-41A9-9168-B1954E476A99}
	EndGlobalSection
EndGlobal
